<Solution>
  <!-- Core is listed even though every other project already references it.
       Left out, a solution-level `-c Release` gave it no configuration of its
       own, so it built Debug and every Release app copied the unoptimised
       BrainX.Core.dll out of bin\Debug\net9.0 — MSBuild names that path in its
       own copy errors. -->
  <Project Path="BrainX.Core/BrainX.Core.csproj" />
  <Project Path="BrainX.Client/BrainX.Client.csproj" />
  <Project Path="BrainX.Server/BrainX.Server.csproj" />
  <Project Path="BrainX.Mcp/BrainX.Mcp.csproj" />
  <Project Path="BrainX.Mind/BrainX.Mind.csproj" />
  <Project Path="BrainX.Tests/BrainX.Tests.csproj" />
</Solution>
